
Microsoft Visual Studio Solution File, Format Version 12.00
# Visual Studio Version 17
VisualStudioVersion = 17.10.35027.167
MinimumVisualStudioVersion = 10.0.40219.1
Project("{FAE04EC0-301F-11D3-BF4B-00C04F79EFBC}") = "SampleLibrary", "SampleLibrary\SampleLibrary.csproj", "{70DBD427-553F-4924-9F00-D0B1B34BE162}"
EndProject
Project("{9A19103F-16F7-4668-BE54-9A1E7A4F7556}") = "_build", "build\_build.csproj", "{43B3CD40-8B4F-4702-91D9-8C510D8AD416}"
EndProject
Global
	GlobalSection(SolutionConfigurationPlatforms) = preSolution
		Debug|Any CPU = Debug|Any CPU
		Release|Any CPU = Release|Any CPU
	EndGlobalSection
	GlobalSection(ProjectConfigurationPlatforms) = postSolution
		{43B3CD40-8B4F-4702-91D9-8C510D8AD416}.Debug|Any CPU.ActiveCfg = Debug|Any CPU
		{43B3CD40-8B4F-4702-91D9-8C510D8AD416}.Release|Any CPU.ActiveCfg = Release|Any CPU
		{70DBD427-553F-4924-9F00-D0B1B34BE162}.Debug|Any CPU.ActiveCfg = Debug|Any CPU
		{70DBD427-553F-4924-9F00-D0B1B34BE162}.Debug|Any CPU.Build.0 = Debug|Any CPU
		{70DBD427-553F-4924-9F00-D0B1B34BE162}.Release|Any CPU.ActiveCfg = Release|Any CPU
		{70DBD427-553F-4924-9F00-D0B1B34BE162}.Release|Any CPU.Build.0 = Release|Any CPU
	EndGlobalSection
	GlobalSection(SolutionProperties) = preSolution
		HideSolutionNode = FALSE
	EndGlobalSection
	GlobalSection(ExtensibilityGlobals) = postSolution
		SolutionGuid = {04E98192-9090-4894-AF6A-3DF081A89C3A}
	EndGlobalSection
EndGlobal
